github.com/BurntSushi/toml v1.4.1-0.20240526193622-a339e1f7089c h1:pxW6RcqyfI9/kWtOwnv/G+AzdKuy2ZrqINhenH4HyNs=
github.com/BurntSushi/toml v1.4.1-0.20240526193622-a339e1f7089c/go.mod h1:ukJfTF/6rtPPRCnwkur4qwRxa8vTRFBF0uk2lLoLwho=
github.com/google/go-cmp v0.6.0 h1:ofyhxvXcZhMsU5ulbFiLKl/XBFqE1GSq7atu8tAmTRI=
github.com/google/go-cmp v0.6.0/go.mod h1:17dUlkBOakJ0+DkrSSNjCkIjxS6bF9zb3elmeNGIjoY=
github.com/skulidropek/GoLint v0.0.0-20250920104801-13befa895e15 h1:psr5abxOy5YnO98EJSLFbtZJOKe2jODtftt0LNe++Ac=
github.com/skulidropek/GoLint v0.0.0-20250920104801-13befa895e15/go.mod h1:g29lCVTVxZjFgkeueQ0S5jORycUfsTaUmY6nwJsOje4=
github.com/skulidropek/GoSuggestMembersAnalyzer v0.0.0-20250920095818-7da97b802aaf h1:gtEvo3Gno9MG9E7x1j1jyC+1zfj+4MCqoZ1eQGEDQdg=
github.com/skulidropek/GoSuggestMembersAnalyzer v0.0.0-20250920095818-7da97b802aaf/go.mod h1:hOijsuDYX4PiEqdscQ2Sn5YFFUKyQTVTMBr3v+EhuKM=
github.com/skulidropek/gotrace/cmd/gotrace-instrument v0.0.0-20250920124304-afda3736f26d h1:NrcLVPsv97AR56zLOMEfhhea3J8C4uE8822J5FMhMQI=
github.com/skulidropek/gotrace/cmd/gotrace-instrument v0.0.0-20250920124304-afda3736f26d/go.mod h1:PPiawm4HHIft8yBbJ9xyM0XElEDumd6K5LDMIP9lefo=
golang.org/x/exp/typeparams v0.0.0-20231108232855-2478ac86f678 h1:1P7xPZEwZMoBoz0Yze5Nx2/4pxj6nw9ZqHWXqP0iRgQ=
golang.org/x/exp/typeparams v0.0.0-20231108232855-2478ac86f678/go.mod h1:AbB0pIl9nAr9wVwH+Z2ZpaocVmF5I4GyWCDIsVjR0bk=
golang.org/x/mod v0.28.0 h1:gQBtGhjxykdjY9YhZpSlZIsbnaE2+PgjfLWUQTnoZ1U=
golang.org/x/mod v0.28.0/go.mod h1:yfB/L0NOf/kmEbXjzCPOx1iK1fRutOydrCMsqRhEBxI=
golang.org/x/sync v0.17.0 h1:l60nONMj9l5drqw6jlhIELNv9I0A4OFgRsG9k2oT9Ug=
golang.org/x/sync v0.17.0/go.mod h1:9KTHXmSnoGruLpwFjVSX0lNNA75CykiMECbovNTZqGI=
golang.org/x/tools v0.37.0 h1:DVSRzp7FwePZW356yEAChSdNcQo6Nsp+fex1SUW09lE=
golang.org/x/tools v0.37.0/go.mod h1:MBN5QPQtLMHVdvsbtarmTNukZDdgwdwlO5qGacAzF0w=
golang.org/x/tools/go/expect v0.1.1-deprecated h1:jpBZDwmgPhXsKZC6WhL20P4b/wmnpsEAGHaNy0n/rJM=
golang.org/x/tools/go/expect v0.1.1-deprecated/go.mod h1:eihoPOH+FgIqa3FpoTwguz/bVUSGBlGQU67vpBeOrBY=
honnef.co/go/tools v0.6.1 h1:R094WgE8K4JirYjBaOpz/AvTyUu/3wbmAoskKN/pxTI=
honnef.co/go/tools v0.6.1/go.mod h1:3puzxxljPCe8RGJX7BIy1plGbxEOZni5mR2aXe3/uk4=
